
Microsoft Visual Studio Solution File, Format Version 12.00
# Visual Studio Version 17
VisualStudioVersion = 17.14.36414.22
MinimumVisualStudioVersion = 10.0.40219.1
Project("{FAE04EC0-301F-11D3-BF4B-00C04F79EFBC}") = "Hardware-Monitor", "Hardware-Monitor.csproj", "{794399F7-7C18-4387-9C4B-9674B33D1A36}"
EndProject
Global
	GlobalSection(SolutionConfigurationPlatforms) = preSolution
		Debug|Any CPU = Debug|Any CPU
		Release|Any CPU = Release|Any CPU
	EndGlobalSection
	GlobalSection(ProjectConfigurationPlatforms) = postSolution
		{794399F7-7C18-4387-9C4B-9674B33D1A36}.Debug|Any CPU.ActiveCfg = Debug|Any CPU
		{794399F7-7C18-4387-9C4B-9674B33D1A36}.Debug|Any CPU.Build.0 = Debug|Any CPU
		{794399F7-7C18-4387-9C4B-9674B33D1A36}.Release|Any CPU.ActiveCfg = Release|Any CPU
		{794399F7-7C18-4387-9C4B-9674B33D1A36}.Release|Any CPU.Build.0 = Release|Any CPU
	EndGlobalSection
	GlobalSection(SolutionProperties) = preSolution
		HideSolutionNode = FALSE
	EndGlobalSection
	GlobalSection(ExtensibilityGlobals) = postSolution
		SolutionGuid = {6F658078-4D71-4D83-BB85-2514946FB021}
	EndGlobalSection
EndGlobal
